
Microsoft Visual Studio Solution File, Format Version 12.00
# Visual Studio Version 17
VisualStudioVersion = 17.1.32421.90
MinimumVisualStudioVersion = 10.0.40219.1
Project("{FAE04EC0-301F-11D3-BF4B-00C04F79EFBC}") = "Backuper", "Backuper\Backuper.csproj", "{9E15C5C3-6E0E-41F6-B297-B55F31D8846B}"
EndProject
Global
	GlobalSection(SolutionConfigurationPlatforms) = preSolution
		Debug|Any CPU = Debug|Any CPU
		Release|Any CPU = Release|Any CPU
	EndGlobalSection
	GlobalSection(ProjectConfigurationPlatforms) = postSolution
		{9E15C5C3-6E0E-41F6-B297-B55F31D8846B}.Debug|Any CPU.ActiveCfg = Debug|Any CPU
		{9E15C5C3-6E0E-41F6-B297-B55F31D8846B}.Debug|Any CPU.Build.0 = Debug|Any CPU
		{9E15C5C3-6E0E-41F6-B297-B55F31D8846B}.Release|Any CPU.ActiveCfg = Release|Any CPU
		{9E15C5C3-6E0E-41F6-B297-B55F31D8846B}.Release|Any CPU.Build.0 = Release|Any CPU
	EndGlobalSection
	GlobalSection(SolutionProperties) = preSolution
		HideSolutionNode = FALSE
	EndGlobalSection
	GlobalSection(ExtensibilityGlobals) = postSolution
		SolutionGuid = {7E8217AF-73C5-4F7C-8038-00EDFBAD41CF}
	EndGlobalSection
EndGlobal
